
Microsoft Visual Studio Solution File, Format Version 12.00
# Visual Studio Version 17
VisualStudioVersion = 17.1.32228.430
MinimumVisualStudioVersion = 10.0.40219.1
Project("{FAE04EC0-301F-11D3-BF4B-00C04F79EFBC}") = "exerciciosdia3", "exerciciosdia3\exerciciosdia3.csproj", "{234FFC9D-45B1-4AB0-A009-9BF6DD9C26AE}"
EndProject
Global
	GlobalSection(SolutionConfigurationPlatforms) = preSolution
		Debug|Any CPU = Debug|Any CPU
		Release|Any CPU = Release|Any CPU
	EndGlobalSection
	GlobalSection(ProjectConfigurationPlatforms) = postSolution
		{234FFC9D-45B1-4AB0-A009-9BF6DD9C26AE}.Debug|Any CPU.ActiveCfg = Debug|Any CPU
		{234FFC9D-45B1-4AB0-A009-9BF6DD9C26AE}.Debug|Any CPU.Build.0 = Debug|Any CPU
		{234FFC9D-45B1-4AB0-A009-9BF6DD9C26AE}.Release|Any CPU.ActiveCfg = Release|Any CPU
		{234FFC9D-45B1-4AB0-A009-9BF6DD9C26AE}.Release|Any CPU.Build.0 = Release|Any CPU
	EndGlobalSection
	GlobalSection(SolutionProperties) = preSolution
		HideSolutionNode = FALSE
	EndGlobalSection
	GlobalSection(ExtensibilityGlobals) = postSolution
		SolutionGuid = {9F28B523-A521-4EE3-96C4-166116C81428}
	EndGlobalSection
EndGlobal
