
Microsoft Visual Studio Solution File, Format Version 12.00
# Visual Studio Version 17
VisualStudioVersion = 17.1.32228.430
MinimumVisualStudioVersion = 10.0.40219.1
Project("{9A19103F-16F7-4668-BE54-9A1E7A4F7556}") = "exercicio2", "aula6\exercicio2.csproj", "{EE9E01A8-46D7-499F-8FC9-C15737DF06BC}"
EndProject
Project("{9A19103F-16F7-4668-BE54-9A1E7A4F7556}") = "exercicio4", "exercicio4\exercicio4.csproj", "{602CC6D7-CAA7-4850-84AC-D6893A78A132}"
EndProject
Project("{FAE04EC0-301F-11D3-BF4B-00C04F79EFBC}") = "exercicio3", "exercicio3\exercicio3.csproj", "{035FFBEE-51E5-41C1-A2EF-F89E27296412}"
EndProject
Global
	GlobalSection(SolutionConfigurationPlatforms) = preSolution
		Debug|Any CPU = Debug|Any CPU
		Release|Any CPU = Release|Any CPU
	EndGlobalSection
	GlobalSection(ProjectConfigurationPlatforms) = postSolution
		{EE9E01A8-46D7-499F-8FC9-C15737DF06BC}.Debug|Any CPU.ActiveCfg = Debug|Any CPU
		{EE9E01A8-46D7-499F-8FC9-C15737DF06BC}.Debug|Any CPU.Build.0 = Debug|Any CPU
		{EE9E01A8-46D7-499F-8FC9-C15737DF06BC}.Release|Any CPU.ActiveCfg = Release|Any CPU
		{EE9E01A8-46D7-499F-8FC9-C15737DF06BC}.Release|Any CPU.Build.0 = Release|Any CPU
		{602CC6D7-CAA7-4850-84AC-D6893A78A132}.Debug|Any CPU.ActiveCfg = Debug|Any CPU
		{602CC6D7-CAA7-4850-84AC-D6893A78A132}.Debug|Any CPU.Build.0 = Debug|Any CPU
		{602CC6D7-CAA7-4850-84AC-D6893A78A132}.Release|Any CPU.ActiveCfg = Release|Any CPU
		{602CC6D7-CAA7-4850-84AC-D6893A78A132}.Release|Any CPU.Build.0 = Release|Any CPU
		{035FFBEE-51E5-41C1-A2EF-F89E27296412}.Debug|Any CPU.ActiveCfg = Debug|Any CPU
		{035FFBEE-51E5-41C1-A2EF-F89E27296412}.Debug|Any CPU.Build.0 = Debug|Any CPU
		{035FFBEE-51E5-41C1-A2EF-F89E27296412}.Release|Any CPU.ActiveCfg = Release|Any CPU
		{035FFBEE-51E5-41C1-A2EF-F89E27296412}.Release|Any CPU.Build.0 = Release|Any CPU
	EndGlobalSection
	GlobalSection(SolutionProperties) = preSolution
		HideSolutionNode = FALSE
	EndGlobalSection
	GlobalSection(ExtensibilityGlobals) = postSolution
		SolutionGuid = {5CD49F1C-FBFF-4BD5-95B1-CD1D5ECEDF97}
	EndGlobalSection
EndGlobal
